# This file is automatically @generated by Cargo.
# It is not intended for manual editing.
version = 3

[[package]]
name = "libc"
version = "0.2.139"
source = "registry+https://github.com/rust-lang/crates.io-index"
checksum = "201de327520df007757c1f0adce6e827fe8562fbc28bfd9c15571c66ca1f5f79"

[[package]]
name = "monkey_in_rust"
version = "0.1.0"
dependencies = [
 "whoami",
]

[[package]]
name = "whoami"
version = "0.2.4"
source = "registry+https://github.com/rust-lang/crates.io-index"
checksum = "3a0d562a2bec05275f553106a8d91e75bbdc768b1bac22e4b8615746306bf051"
dependencies = [
 "libc",
]
